// !$*UTF8*$!
{
	archiveVersion = 1;
	classes = {
	};
	objectVersion = 54;
	objects = {

/* Begin PBXBuildFile section */
		481D351902FF5E7DB4030604 /* libPods-Public Transport Tracking.a in Frameworks */ = {isa = PBXBuildFile; fileRef = 74711926E0972860670C9C25 /* libPods-Public Transport Tracking.a */; };
		D705AAFB29DE7413008AC068 /* Marker.swift in Sources */ = {isa = PBXBuildFile; fileRef = D705AAFA29DE7413008AC068 /* Marker.swift */; };
		D7129A2629FC2B11002A690B /* Extensions.swift in Sources */ = {isa = PBXBuildFile; fileRef = D7129A2529FC2B11002A690B /* Extensions.swift */; };
		D7129A2829FC2E55002A690B /* MapToolbar.swift in Sources */ = {isa = PBXBuildFile; fileRef = D7129A2729FC2E55002A690B /* MapToolbar.swift */; };
		D71684372A0EB5E4001E598E /* SpecialScheduleDetailView.swift in Sources */ = {isa = PBXBuildFile; fileRef = D71684362A0EB5E4001E598E /* SpecialScheduleDetailView.swift */; };
		D71684382A0EB5E4001E598E /* SpecialScheduleDetailView.swift in Sources */ = {isa = PBXBuildFile; fileRef = D71684362A0EB5E4001E598E /* SpecialScheduleDetailView.swift */; };
		D72023F529E009D10021E66B /* Shapes.txt in Resources */ = {isa = PBXBuildFile; fileRef = D72023F429E009D10021E66B /* Shapes.txt */; };
		D72023F729E00E2F0021E66B /* Trips.txt in Resources */ = {isa = PBXBuildFile; fileRef = D72023F629E00E2F0021E66B /* Trips.txt */; };
		D72023F929E020800021E66B /* StopTimes.txt in Resources */ = {isa = PBXBuildFile; fileRef = D72023F829E020800021E66B /* StopTimes.txt */; };
		D72B525729E3F4700048AF1C /* OrareView.swift in Sources */ = {isa = PBXBuildFile; fileRef = D72B525629E3F4700048AF1C /* OrareView.swift */; };
		D72E343D29DDE04B002974CE /* Stops.txt in Resources */ = {isa = PBXBuildFile; fileRef = D72E343C29DDE04B002974CE /* Stops.txt */; };
		D72E343F29DDF121002974CE /* AddFavoriteLineView.swift in Sources */ = {isa = PBXBuildFile; fileRef = D72E343E29DDF121002974CE /* AddFavoriteLineView.swift */; };
		D7361C1029DAB3CF006F78D2 /* LoopingVideo.swift in Sources */ = {isa = PBXBuildFile; fileRef = D7361C0F29DAB3CF006F78D2 /* LoopingVideo.swift */; };
		D7361C1629DAC50A006F78D2 /* SplitterView.swift in Sources */ = {isa = PBXBuildFile; fileRef = D7361C1529DAC50A006F78D2 /* SplitterView.swift */; };
		D7361C1829DAC624006F78D2 /* FavoritesScreen.swift in Sources */ = {isa = PBXBuildFile; fileRef = D7361C1729DAC624006F78D2 /* FavoritesScreen.swift */; };
		D7361C1A29DADC35006F78D2 /* RequestManager.swift in Sources */ = {isa = PBXBuildFile; fileRef = D7361C1929DADC35006F78D2 /* RequestManager.swift */; };
		D7361C2229DB2D3B006F78D2 /* Structs.swift in Sources */ = {isa = PBXBuildFile; fileRef = D7361C2129DB2D3B006F78D2 /* Structs.swift */; };
		D7361C2429DB2E6F006F78D2 /* DecodingManager.swift in Sources */ = {isa = PBXBuildFile; fileRef = D7361C2329DB2E6F006F78D2 /* DecodingManager.swift */; };
		D73E579329E5D7160044A955 /* OrarIntermediarView.swift in Sources */ = {isa = PBXBuildFile; fileRef = D73E579229E5D7160044A955 /* OrarIntermediarView.swift */; };
		D74065D929E81E0200E1E3AF /* SSToastMessage in Frameworks */ = {isa = PBXBuildFile; productRef = D74065D829E81E0200E1E3AF /* SSToastMessage */; };
		D74922CD2A14B65400A6A56F /* Map in Frameworks */ = {isa = PBXBuildFile; productRef = D74922CC2A14B65400A6A56F /* Map */; };
		D762021929E068870061A73A /* StationView.swift in Sources */ = {isa = PBXBuildFile; fileRef = D762021829E068870061A73A /* StationView.swift */; };
		D778901C29DB56C200044D10 /* Alamofire in Frameworks */ = {isa = PBXBuildFile; productRef = D778901B29DB56C200044D10 /* Alamofire */; };
		D779FFC229E96C6700DF3AB8 /* BusifyClipApp.swift in Sources */ = {isa = PBXBuildFile; fileRef = D779FFC129E96C6700DF3AB8 /* BusifyClipApp.swift */; };
		D779FFC429E96C6700DF3AB8 /* ContentView.swift in Sources */ = {isa = PBXBuildFile; fileRef = D779FFC329E96C6700DF3AB8 /* ContentView.swift */; };
		D779FFC929E96C6800DF3AB8 /* Preview Assets.xcassets in Resources */ = {isa = PBXBuildFile; fileRef = D779FFC829E96C6800DF3AB8 /* Preview Assets.xcassets */; };
		D779FFCE29E96C6800DF3AB8 /* BusifyClip.app in Embed App Clips */ = {isa = PBXBuildFile; fileRef = D779FFBF29E96C6700DF3AB8 /* BusifyClip.app */; settings = {ATTRIBUTES = (RemoveHeadersOnCopy, ); }; };
		D779FFD329E9758700DF3AB8 /* Structs.swift in Sources */ = {isa = PBXBuildFile; fileRef = D7361C2129DB2D3B006F78D2 /* Structs.swift */; };
		D779FFD429E9758700DF3AB8 /* BusCalculations.swift in Sources */ = {isa = PBXBuildFile; fileRef = D7AE9A3329E1A452008CE1C0 /* BusCalculations.swift */; };
		D779FFD529E9758700DF3AB8 /* LocationManager.swift in Sources */ = {isa = PBXBuildFile; fileRef = D7C8953529DC4D210090C97F /* LocationManager.swift */; };
		D779FFD629E9758700DF3AB8 /* RequestManager.swift in Sources */ = {isa = PBXBuildFile; fileRef = D7361C1929DADC35006F78D2 /* RequestManager.swift */; };
		D779FFD729E9758700DF3AB8 /* DecodingManager.swift in Sources */ = {isa = PBXBuildFile; fileRef = D7361C2329DB2E6F006F78D2 /* DecodingManager.swift */; };
		D779FFD829E9758700DF3AB8 /* Constants.swift in Sources */ = {isa = PBXBuildFile; fileRef = D7ABA56529DAA33600CDA8DE /* Constants.swift */; };
		D779FFDA29E975B500DF3AB8 /* Alamofire in Frameworks */ = {isa = PBXBuildFile; productRef = D779FFD929E975B500DF3AB8 /* Alamofire */; };
		D779FFDC29E975B500DF3AB8 /* FeedKit in Frameworks */ = {isa = PBXBuildFile; productRef = D779FFDB29E975B500DF3AB8 /* FeedKit */; };
		D779FFDE29E975B500DF3AB8 /* SSToastMessage in Frameworks */ = {isa = PBXBuildFile; productRef = D779FFDD29E975B500DF3AB8 /* SSToastMessage */; };
		D779FFDF29E976BF00DF3AB8 /* StationView.swift in Sources */ = {isa = PBXBuildFile; fileRef = D762021829E068870061A73A /* StationView.swift */; };
		D779FFE129E9788A00DF3AB8 /* Routes.txt in Resources */ = {isa = PBXBuildFile; fileRef = D7A966E229DF1C8A00005AB2 /* Routes.txt */; };
		D779FFE229E9788A00DF3AB8 /* Assets.xcassets in Resources */ = {isa = PBXBuildFile; fileRef = D7ABA55829DAA28600CDA8DE /* Assets.xcassets */; };
		D779FFE329E9788A00DF3AB8 /* Stops.txt in Resources */ = {isa = PBXBuildFile; fileRef = D72E343C29DDE04B002974CE /* Stops.txt */; };
		D779FFE429E9788A00DF3AB8 /* Shapes.txt in Resources */ = {isa = PBXBuildFile; fileRef = D72023F429E009D10021E66B /* Shapes.txt */; };
		D779FFE529E9788A00DF3AB8 /* Trips.txt in Resources */ = {isa = PBXBuildFile; fileRef = D72023F629E00E2F0021E66B /* Trips.txt */; };
		D779FFE629E9788A00DF3AB8 /* StopTimes.txt in Resources */ = {isa = PBXBuildFile; fileRef = D72023F829E020800021E66B /* StopTimes.txt */; };
		D77B96E42A07F5CB005C565E /* MotionManager.swift in Sources */ = {isa = PBXBuildFile; fileRef = D77B96E32A07F5CB005C565E /* MotionManager.swift */; };
		D77B96E52A07F5CB005C565E /* MotionManager.swift in Sources */ = {isa = PBXBuildFile; fileRef = D77B96E32A07F5CB005C565E /* MotionManager.swift */; };
		D77DA2682A02C079009E56BA /* UserViewModel.swift in Sources */ = {isa = PBXBuildFile; fileRef = D78DE7812A00327000983F24 /* UserViewModel.swift */; };
		D77DA2692A02C081009E56BA /* SubscriptionPaywallView.swift in Sources */ = {isa = PBXBuildFile; fileRef = D78DE77F2A00288100983F24 /* SubscriptionPaywallView.swift */; };
		D77DA26C2A02C104009E56BA /* Extensions.swift in Sources */ = {isa = PBXBuildFile; fileRef = D7129A2529FC2B11002A690B /* Extensions.swift */; };
		D77DA26D2A02C118009E56BA /* BusDetailView.swift in Sources */ = {isa = PBXBuildFile; fileRef = D7FBAB6E29E1E84A00299635 /* BusDetailView.swift */; };
		D77DA26F2A02C139009E56BA /* ReceiptParser in Frameworks */ = {isa = PBXBuildFile; productRef = D77DA26E2A02C139009E56BA /* ReceiptParser */; };
		D77DA2712A02C139009E56BA /* RevenueCat in Frameworks */ = {isa = PBXBuildFile; productRef = D77DA2702A02C139009E56BA /* RevenueCat */; };
		D77DA2752A02C535009E56BA /* DonationsView.swift in Sources */ = {isa = PBXBuildFile; fileRef = D77DA2742A02C535009E56BA /* DonationsView.swift */; };
		D77DA2762A02C535009E56BA /* DonationsView.swift in Sources */ = {isa = PBXBuildFile; fileRef = D77DA2742A02C535009E56BA /* DonationsView.swift */; };
		D784169829E49A9C009F4F2C /* FeedKit in Frameworks */ = {isa = PBXBuildFile; productRef = D784169729E49A9C009F4F2C /* FeedKit */; };
		D784169A29E49B9A009F4F2C /* ComunicateView.swift in Sources */ = {isa = PBXBuildFile; fileRef = D784169929E49B9A009F4F2C /* ComunicateView.swift */; };
		D78DE7762A00227E00983F24 /* ReceiptParser in Frameworks */ = {isa = PBXBuildFile; productRef = D78DE7752A00227E00983F24 /* ReceiptParser */; };
		D78DE7782A00227E00983F24 /* RevenueCat in Frameworks */ = {isa = PBXBuildFile; productRef = D78DE7772A00227E00983F24 /* RevenueCat */; };
		D78DE77C2A00228500983F24 /* StoreKit.framework in Frameworks */ = {isa = PBXBuildFile; fileRef = D78DE77B2A00228500983F24 /* StoreKit.framework */; };
		D78DE7802A00288100983F24 /* SubscriptionPaywallView.swift in Sources */ = {isa = PBXBuildFile; fileRef = D78DE77F2A00288100983F24 /* SubscriptionPaywallView.swift */; };
		D78DE7822A00327000983F24 /* UserViewModel.swift in Sources */ = {isa = PBXBuildFile; fileRef = D78DE7812A00327000983F24 /* UserViewModel.swift */; };
		D7A1F1782A1348A9004CF09C /* LaunchView.swift in Sources */ = {isa = PBXBuildFile; fileRef = D7A1F1772A1348A9004CF09C /* LaunchView.swift */; };
		D7A1F1792A1348A9004CF09C /* LaunchView.swift in Sources */ = {isa = PBXBuildFile; fileRef = D7A1F1772A1348A9004CF09C /* LaunchView.swift */; };
		D7A966E329DF1C8A00005AB2 /* Routes.txt in Resources */ = {isa = PBXBuildFile; fileRef = D7A966E229DF1C8A00005AB2 /* Routes.txt */; };
		D7ABA55529DAA28500CDA8DE /* Public_Transport_TrackingApp.swift in Sources */ = {isa = PBXBuildFile; fileRef = D7ABA55429DAA28500CDA8DE /* Public_Transport_TrackingApp.swift */; };
		D7ABA55929DAA28600CDA8DE /* Assets.xcassets in Resources */ = {isa = PBXBuildFile; fileRef = D7ABA55829DAA28600CDA8DE /* Assets.xcassets */; };
		D7ABA55C29DAA28600CDA8DE /* Preview Assets.xcassets in Resources */ = {isa = PBXBuildFile; fileRef = D7ABA55B29DAA28600CDA8DE /* Preview Assets.xcassets */; };
		D7ABA56329DAA2AB00CDA8DE /* SplashScreen.swift in Sources */ = {isa = PBXBuildFile; fileRef = D7ABA56229DAA2AB00CDA8DE /* SplashScreen.swift */; };
		D7ABA56629DAA33600CDA8DE /* Constants.swift in Sources */ = {isa = PBXBuildFile; fileRef = D7ABA56529DAA33600CDA8DE /* Constants.swift */; };
		D7AE9A3429E1A452008CE1C0 /* BusCalculations.swift in Sources */ = {isa = PBXBuildFile; fileRef = D7AE9A3329E1A452008CE1C0 /* BusCalculations.swift */; };
		D7B4A19029FFC2C7003AF5D4 /* OneSignal in Frameworks */ = {isa = PBXBuildFile; productRef = D7B4A18F29FFC2C7003AF5D4 /* OneSignal */; };
		D7B4A19229FFC2C7003AF5D4 /* OneSignalExtension in Frameworks */ = {isa = PBXBuildFile; productRef = D7B4A19129FFC2C7003AF5D4 /* OneSignalExtension */; };
		D7B4A19A29FFC300003AF5D4 /* NotificationService.swift in Sources */ = {isa = PBXBuildFile; fileRef = D7B4A19929FFC300003AF5D4 /* NotificationService.swift */; };
		D7B4A19E29FFC300003AF5D4 /* BusifyPushNotifications.appex in Embed Foundation Extensions */ = {isa = PBXBuildFile; fileRef = D7B4A19729FFC300003AF5D4 /* BusifyPushNotifications.appex */; settings = {ATTRIBUTES = (RemoveHeadersOnCopy, ); }; };
		D7C8953629DC4D210090C97F /* LocationManager.swift in Sources */ = {isa = PBXBuildFile; fileRef = D7C8953529DC4D210090C97F /* LocationManager.swift */; };
		D7CB3C9A2A13657E00166D6A /* LoopingVideo.swift in Sources */ = {isa = PBXBuildFile; fileRef = D7361C0F29DAB3CF006F78D2 /* LoopingVideo.swift */; };
		D7CB3C9C2A13659B00166D6A /* NotificationManager.swift in Sources */ = {isa = PBXBuildFile; fileRef = D7CB3C9B2A13659B00166D6A /* NotificationManager.swift */; };
		D7CB3C9D2A13659B00166D6A /* NotificationManager.swift in Sources */ = {isa = PBXBuildFile; fileRef = D7CB3C9B2A13659B00166D6A /* NotificationManager.swift */; };
		D7CDD5AE2A1297E2001D3ED8 /* TransitViewModel.swift in Sources */ = {isa = PBXBuildFile; fileRef = D7CDD5AD2A1297E2001D3ED8 /* TransitViewModel.swift */; };
		D7CDD5AF2A1297E2001D3ED8 /* TransitViewModel.swift in Sources */ = {isa = PBXBuildFile; fileRef = D7CDD5AD2A1297E2001D3ED8 /* TransitViewModel.swift */; };
		D7F8259929DDF53400A09A2B /* MapView.swift in Sources */ = {isa = PBXBuildFile; fileRef = D7F8259829DDF53400A09A2B /* MapView.swift */; };
		D7FBAB6F29E1E84A00299635 /* BusDetailView.swift in Sources */ = {isa = PBXBuildFile; fileRef = D7FBAB6E29E1E84A00299635 /* BusDetailView.swift */; };
/* End PBXBuildFile section */

/* Begin PBXContainerItemProxy section */
		D779FFCC29E96C6800DF3AB8 /* PBXContainerItemProxy */ = {
			isa = PBXContainerItemProxy;
			containerPortal = D7ABA54929DAA28400CDA8DE /* Project object */;
			proxyType = 1;
			remoteGlobalIDString = D779FFBE29E96C6700DF3AB8;
			remoteInfo = BusifyClip;
		};
		D7B4A19C29FFC300003AF5D4 /* PBXContainerItemProxy */ = {
			isa = PBXContainerItemProxy;
			containerPortal = D7ABA54929DAA28400CDA8DE /* Project object */;
			proxyType = 1;
			remoteGlobalIDString = D7B4A19629FFC300003AF5D4;
			remoteInfo = BusifyPushNotifications;
		};
/* End PBXContainerItemProxy section */

/* Begin PBXCopyFilesBuildPhase section */
		D779FFCF29E96C6800DF3AB8 /* Embed App Clips */ = {
			isa = PBXCopyFilesBuildPhase;
			buildActionMask = 2147483647;
			dstPath = "$(CONTENTS_FOLDER_PATH)/AppClips";
			dstSubfolderSpec = 16;
			files = (
				D779FFCE29E96C6800DF3AB8 /* BusifyClip.app in Embed App Clips */,
			);
			name = "Embed App Clips";
			runOnlyForDeploymentPostprocessing = 0;
		};
		D7B4A1A229FFC300003AF5D4 /* Embed Foundation Extensions */ = {
			isa = PBXCopyFilesBuildPhase;
			buildActionMask = 2147483647;
			dstPath = "";
			dstSubfolderSpec = 13;
			files = (
				D7B4A19E29FFC300003AF5D4 /* BusifyPushNotifications.appex in Embed Foundation Extensions */,
			);
			name = "Embed Foundation Extensions";
			runOnlyForDeploymentPostprocessing = 0;
		};
/* End PBXCopyFilesBuildPhase section */

/* Begin PBXFileReference section */
		6F0DD024AAEB9A43FD3327D3 /* Pods-Public Transport Tracking.debug.xcconfig */ = {isa = PBXFileReference; includeInIndex = 1; lastKnownFileType = text.xcconfig; name = "Pods-Public Transport Tracking.debug.xcconfig"; path = "Target Support Files/Pods-Public Transport Tracking/Pods-Public Transport Tracking.debug.xcconfig"; sourceTree = "<group>"; };
		74711926E0972860670C9C25 /* libPods-Public Transport Tracking.a */ = {isa = PBXFileReference; explicitFileType = archive.ar; includeInIndex = 0; path = "libPods-Public Transport Tracking.a"; sourceTree = BUILT_PRODUCTS_DIR; };
		7EAF1E4B3DCAA2FAA1F6B47B /* Pods-Public Transport Tracking.release.xcconfig */ = {isa = PBXFileReference; includeInIndex = 1; lastKnownFileType = text.xcconfig; name = "Pods-Public Transport Tracking.release.xcconfig"; path = "Target Support Files/Pods-Public Transport Tracking/Pods-Public Transport Tracking.release.xcconfig"; sourceTree = "<group>"; };
		D705AAFA29DE7413008AC068 /* Marker.swift */ = {isa = PBXFileReference; lastKnownFileType = sourcecode.swift; path = Marker.swift; sourceTree = "<group>"; };
		D7129A2529FC2B11002A690B /* Extensions.swift */ = {isa = PBXFileReference; lastKnownFileType = sourcecode.swift; path = Extensions.swift; sourceTree = "<group>"; };
		D7129A2729FC2E55002A690B /* MapToolbar.swift */ = {isa = PBXFileReference; lastKnownFileType = sourcecode.swift; path = MapToolbar.swift; sourceTree = "<group>"; };
		D71684362A0EB5E4001E598E /* SpecialScheduleDetailView.swift */ = {isa = PBXFileReference; lastKnownFileType = sourcecode.swift; path = SpecialScheduleDetailView.swift; sourceTree = "<group>"; };
		D72023F429E009D10021E66B /* Shapes.txt */ = {isa = PBXFileReference; lastKnownFileType = text; path = Shapes.txt; sourceTree = "<group>"; };
		D72023F629E00E2F0021E66B /* Trips.txt */ = {isa = PBXFileReference; lastKnownFileType = text; path = Trips.txt; sourceTree = "<group>"; };
		D72023F829E020800021E66B /* StopTimes.txt */ = {isa = PBXFileReference; lastKnownFileType = text; path = StopTimes.txt; sourceTree = "<group>"; };
		D72B525629E3F4700048AF1C /* OrareView.swift */ = {isa = PBXFileReference; lastKnownFileType = sourcecode.swift; path = OrareView.swift; sourceTree = "<group>"; };
		D72E343B29DDE035002974CE /* splashScreen-video.mp4 */ = {isa = PBXFileReference; lastKnownFileType = file; path = "splashScreen-video.mp4"; sourceTree = "<group>"; };
		D72E343C29DDE04B002974CE /* Stops.txt */ = {isa = PBXFileReference; lastKnownFileType = text; path = Stops.txt; sourceTree = "<group>"; };
		D72E343E29DDF121002974CE /* AddFavoriteLineView.swift */ = {isa = PBXFileReference; lastKnownFileType = sourcecode.swift; path = AddFavoriteLineView.swift; sourceTree = "<group>"; };
		D7361C0F29DAB3CF006F78D2 /* LoopingVideo.swift */ = {isa = PBXFileReference; lastKnownFileType = sourcecode.swift; path = LoopingVideo.swift; sourceTree = "<group>"; };
		D7361C1529DAC50A006F78D2 /* SplitterView.swift */ = {isa = PBXFileReference; lastKnownFileType = sourcecode.swift; path = SplitterView.swift; sourceTree = "<group>"; };
		D7361C1729DAC624006F78D2 /* FavoritesScreen.swift */ = {isa = PBXFileReference; lastKnownFileType = sourcecode.swift; path = FavoritesScreen.swift; sourceTree = "<group>"; };
		D7361C1929DADC35006F78D2 /* RequestManager.swift */ = {isa = PBXFileReference; lastKnownFileType = sourcecode.swift; path = RequestManager.swift; sourceTree = "<group>"; };
		D7361C2129DB2D3B006F78D2 /* Structs.swift */ = {isa = PBXFileReference; lastKnownFileType = sourcecode.swift; path = Structs.swift; sourceTree = "<group>"; };
		D7361C2329DB2E6F006F78D2 /* DecodingManager.swift */ = {isa = PBXFileReference; lastKnownFileType = sourcecode.swift; path = DecodingManager.swift; sourceTree = "<group>"; };
		D73E579229E5D7160044A955 /* OrarIntermediarView.swift */ = {isa = PBXFileReference; lastKnownFileType = sourcecode.swift; path = OrarIntermediarView.swift; sourceTree = "<group>"; };
		D762021829E068870061A73A /* StationView.swift */ = {isa = PBXFileReference; lastKnownFileType = sourcecode.swift; path = StationView.swift; sourceTree = "<group>"; };
		D779FFBF29E96C6700DF3AB8 /* BusifyClip.app */ = {isa = PBXFileReference; explicitFileType = wrapper.application; includeInIndex = 0; path = BusifyClip.app; sourceTree = BUILT_PRODUCTS_DIR; };
		D779FFC129E96C6700DF3AB8 /* BusifyClipApp.swift */ = {isa = PBXFileReference; lastKnownFileType = sourcecode.swift; path = BusifyClipApp.swift; sourceTree = "<group>"; };
		D779FFC329E96C6700DF3AB8 /* ContentView.swift */ = {isa = PBXFileReference; lastKnownFileType = sourcecode.swift; path = ContentView.swift; sourceTree = "<group>"; };
		D779FFC829E96C6800DF3AB8 /* Preview Assets.xcassets */ = {isa = PBXFileReference; lastKnownFileType = folder.assetcatalog; path = "Preview Assets.xcassets"; sourceTree = "<group>"; };
		D779FFCA29E96C6800DF3AB8 /* Info.plist */ = {isa = PBXFileReference; lastKnownFileType = text.plist.xml; path = Info.plist; sourceTree = "<group>"; };
		D779FFCB29E96C6800DF3AB8 /* BusifyClip.entitlements */ = {isa = PBXFileReference; lastKnownFileType = text.plist.entitlements; path = BusifyClip.entitlements; sourceTree = "<group>"; };
		D77B96E32A07F5CB005C565E /* MotionManager.swift */ = {isa = PBXFileReference; lastKnownFileType = sourcecode.swift; path = MotionManager.swift; sourceTree = "<group>"; };
		D77DA2742A02C535009E56BA /* DonationsView.swift */ = {isa = PBXFileReference; lastKnownFileType = sourcecode.swift; path = DonationsView.swift; sourceTree = "<group>"; };
		D784169929E49B9A009F4F2C /* ComunicateView.swift */ = {isa = PBXFileReference; lastKnownFileType = sourcecode.swift; path = ComunicateView.swift; sourceTree = "<group>"; };
		D78DE77B2A00228500983F24 /* StoreKit.framework */ = {isa = PBXFileReference; lastKnownFileType = wrapper.framework; name = StoreKit.framework; path = System/Library/Frameworks/StoreKit.framework; sourceTree = SDKROOT; };
		D78DE77F2A00288100983F24 /* SubscriptionPaywallView.swift */ = {isa = PBXFileReference; lastKnownFileType = sourcecode.swift; path = SubscriptionPaywallView.swift; sourceTree = "<group>"; };
		D78DE7812A00327000983F24 /* UserViewModel.swift */ = {isa = PBXFileReference; lastKnownFileType = sourcecode.swift; path = UserViewModel.swift; sourceTree = "<group>"; };
		D7A1F1772A1348A9004CF09C /* LaunchView.swift */ = {isa = PBXFileReference; lastKnownFileType = sourcecode.swift; path = LaunchView.swift; sourceTree = "<group>"; };
		D7A966E229DF1C8A00005AB2 /* Routes.txt */ = {isa = PBXFileReference; lastKnownFileType = text; path = Routes.txt; sourceTree = "<group>"; };
		D7ABA55129DAA28500CDA8DE /* Public Transport Tracking.app */ = {isa = PBXFileReference; explicitFileType = wrapper.application; includeInIndex = 0; path = "Public Transport Tracking.app"; sourceTree = BUILT_PRODUCTS_DIR; };
		D7ABA55429DAA28500CDA8DE /* Public_Transport_TrackingApp.swift */ = {isa = PBXFileReference; lastKnownFileType = sourcecode.swift; path = Public_Transport_TrackingApp.swift; sourceTree = "<group>"; };
		D7ABA55829DAA28600CDA8DE /* Assets.xcassets */ = {isa = PBXFileReference; lastKnownFileType = folder.assetcatalog; path = Assets.xcassets; sourceTree = "<group>"; };
		D7ABA55B29DAA28600CDA8DE /* Preview Assets.xcassets */ = {isa = PBXFileReference; lastKnownFileType = folder.assetcatalog; path = "Preview Assets.xcassets"; sourceTree = "<group>"; };
		D7ABA56229DAA2AB00CDA8DE /* SplashScreen.swift */ = {isa = PBXFileReference; lastKnownFileType = sourcecode.swift; path = SplashScreen.swift; sourceTree = "<group>"; };
		D7ABA56529DAA33600CDA8DE /* Constants.swift */ = {isa = PBXFileReference; lastKnownFileType = sourcecode.swift; path = Constants.swift; sourceTree = "<group>"; };
		D7AE9A3329E1A452008CE1C0 /* BusCalculations.swift */ = {isa = PBXFileReference; lastKnownFileType = sourcecode.swift; path = BusCalculations.swift; sourceTree = "<group>"; };
		D7B4A18D29FFBC87003AF5D4 /* Public Transport Tracking.entitlements */ = {isa = PBXFileReference; lastKnownFileType = text.plist.entitlements; path = "Public Transport Tracking.entitlements"; sourceTree = "<group>"; };
		D7B4A19729FFC300003AF5D4 /* BusifyPushNotifications.appex */ = {isa = PBXFileReference; explicitFileType = "wrapper.app-extension"; includeInIndex = 0; path = BusifyPushNotifications.appex; sourceTree = BUILT_PRODUCTS_DIR; };
		D7B4A19929FFC300003AF5D4 /* NotificationService.swift */ = {isa = PBXFileReference; lastKnownFileType = sourcecode.swift; path = NotificationService.swift; sourceTree = "<group>"; };
		D7B4A19B29FFC300003AF5D4 /* Info.plist */ = {isa = PBXFileReference; lastKnownFileType = text.plist.xml; path = Info.plist; sourceTree = "<group>"; };
		D7B4A1A329FFC477003AF5D4 /* BusifyPushNotifications.entitlements */ = {isa = PBXFileReference; lastKnownFileType = text.plist.entitlements; path = BusifyPushNotifications.entitlements; sourceTree = "<group>"; };
		D7C8953529DC4D210090C97F /* LocationManager.swift */ = {isa = PBXFileReference; lastKnownFileType = sourcecode.swift; path = LocationManager.swift; sourceTree = "<group>"; };
		D7C8953729DC4D8D0090C97F /* Info.plist */ = {isa = PBXFileReference; lastKnownFileType = text.plist; name = Info.plist; path = "Public-Transport-Tracking/Info.plist"; sourceTree = "<group>"; };
		D7CB3C9B2A13659B00166D6A /* NotificationManager.swift */ = {isa = PBXFileReference; lastKnownFileType = sourcecode.swift; path = NotificationManager.swift; sourceTree = "<group>"; };
		D7CDD5AD2A1297E2001D3ED8 /* TransitViewModel.swift */ = {isa = PBXFileReference; lastKnownFileType = sourcecode.swift; path = TransitViewModel.swift; sourceTree = "<group>"; };
		D7F8259829DDF53400A09A2B /* MapView.swift */ = {isa = PBXFileReference; lastKnownFileType = sourcecode.swift; path = MapView.swift; sourceTree = "<group>"; };
		D7FBAB6E29E1E84A00299635 /* BusDetailView.swift */ = {isa = PBXFileReference; lastKnownFileType = sourcecode.swift; path = BusDetailView.swift; sourceTree = "<group>"; };
/* End PBXFileReference section */

/* Begin PBXFrameworksBuildPhase section */
		D779FFBC29E96C6700DF3AB8 /* Frameworks */ = {
			isa = PBXFrameworksBuildPhase;
			buildActionMask = 2147483647;
			files = (
				D779FFDA29E975B500DF3AB8 /* Alamofire in Frameworks */,
				D779FFDC29E975B500DF3AB8 /* FeedKit in Frameworks */,
				D77DA2712A02C139009E56BA /* RevenueCat in Frameworks */,
				D77DA26F2A02C139009E56BA /* ReceiptParser in Frameworks */,
				D779FFDE29E975B500DF3AB8 /* SSToastMessage in Frameworks */,
			);
			runOnlyForDeploymentPostprocessing = 0;
		};
		D7ABA54E29DAA28500CDA8DE /* Frameworks */ = {
			isa = PBXFrameworksBuildPhase;
			buildActionMask = 2147483647;
			files = (
				D7B4A19029FFC2C7003AF5D4 /* OneSignal in Frameworks */,
				D7B4A19229FFC2C7003AF5D4 /* OneSignalExtension in Frameworks */,
				D74065D929E81E0200E1E3AF /* SSToastMessage in Frameworks */,
				D78DE7762A00227E00983F24 /* ReceiptParser in Frameworks */,
				D78DE7782A00227E00983F24 /* RevenueCat in Frameworks */,
				D784169829E49A9C009F4F2C /* FeedKit in Frameworks */,
				D78DE77C2A00228500983F24 /* StoreKit.framework in Frameworks */,
				D74922CD2A14B65400A6A56F /* Map in Frameworks */,
				D778901C29DB56C200044D10 /* Alamofire in Frameworks */,
				481D351902FF5E7DB4030604 /* libPods-Public Transport Tracking.a in Frameworks */,
			);
			runOnlyForDeploymentPostprocessing = 0;
		};
		D7B4A19429FFC300003AF5D4 /* Frameworks */ = {
			isa = PBXFrameworksBuildPhase;
			buildActionMask = 2147483647;
			files = (
			);
			runOnlyForDeploymentPostprocessing = 0;
		};
/* End PBXFrameworksBuildPhase section */

/* Begin PBXGroup section */
		558C1DCC0FE2C123DAB3C3FB /* Pods */ = {
			isa = PBXGroup;
			children = (
				6F0DD024AAEB9A43FD3327D3 /* Pods-Public Transport Tracking.debug.xcconfig */,
				7EAF1E4B3DCAA2FAA1F6B47B /* Pods-Public Transport Tracking.release.xcconfig */,
			);
			path = Pods;
			sourceTree = "<group>";
		};
		8639244BCD7A12547562CDEC /* Frameworks */ = {
			isa = PBXGroup;
			children = (
				D78DE77B2A00228500983F24 /* StoreKit.framework */,
				74711926E0972860670C9C25 /* libPods-Public Transport Tracking.a */,
			);
			name = Frameworks;
			sourceTree = "<group>";
		};
		D72E343A29DDE02D002974CE /* Resources */ = {
			isa = PBXGroup;
			children = (
				D72E343B29DDE035002974CE /* splashScreen-video.mp4 */,
				D7ABA55829DAA28600CDA8DE /* Assets.xcassets */,
				D72E343C29DDE04B002974CE /* Stops.txt */,
				D7A966E229DF1C8A00005AB2 /* Routes.txt */,
				D72023F429E009D10021E66B /* Shapes.txt */,
				D72023F629E00E2F0021E66B /* Trips.txt */,
				D72023F829E020800021E66B /* StopTimes.txt */,
			);
			path = Resources;
			sourceTree = "<group>";
		};
		D779FFC029E96C6700DF3AB8 /* BusifyClip */ = {
			isa = PBXGroup;
			children = (
				D779FFC129E96C6700DF3AB8 /* BusifyClipApp.swift */,
				D779FFC329E96C6700DF3AB8 /* ContentView.swift */,
				D779FFCA29E96C6800DF3AB8 /* Info.plist */,
				D779FFCB29E96C6800DF3AB8 /* BusifyClip.entitlements */,
				D779FFC729E96C6800DF3AB8 /* Preview Content */,
			);
			path = BusifyClip;
			sourceTree = "<group>";
		};
		D779FFC729E96C6800DF3AB8 /* Preview Content */ = {
			isa = PBXGroup;
			children = (
				D779FFC829E96C6800DF3AB8 /* Preview Assets.xcassets */,
			);
			path = "Preview Content";
			sourceTree = "<group>";
		};
		D7ABA54829DAA28400CDA8DE = {
			isa = PBXGroup;
			children = (
				D7B4A18D29FFBC87003AF5D4 /* Public Transport Tracking.entitlements */,
				D7C8953729DC4D8D0090C97F /* Info.plist */,
				D7ABA55329DAA28500CDA8DE /* Public-Transport-Tracking */,
				D779FFC029E96C6700DF3AB8 /* BusifyClip */,
				D7B4A19829FFC300003AF5D4 /* BusifyPushNotifications */,
				D7ABA55229DAA28500CDA8DE /* Products */,
				558C1DCC0FE2C123DAB3C3FB /* Pods */,
				8639244BCD7A12547562CDEC /* Frameworks */,
			);
			sourceTree = "<group>";
		};
		D7ABA55229DAA28500CDA8DE /* Products */ = {
			isa = PBXGroup;
			children = (
				D7ABA55129DAA28500CDA8DE /* Public Transport Tracking.app */,
				D779FFBF29E96C6700DF3AB8 /* BusifyClip.app */,
				D7B4A19729FFC300003AF5D4 /* BusifyPushNotifications.appex */,
			);
			name = Products;
			sourceTree = "<group>";
		};
		D7ABA55329DAA28500CDA8DE /* Public-Transport-Tracking */ = {
			isa = PBXGroup;
			children = (
				D7CB3C992A13655400166D6A /* Managers */,
				D7ABA55429DAA28500CDA8DE /* Public_Transport_TrackingApp.swift */,
				D72E343A29DDE02D002974CE /* Resources */,
				D7ABA56429DAA2CF00CDA8DE /* Interface */,
				D7ABA55A29DAA28600CDA8DE /* Preview Content */,
				D7ABA56529DAA33600CDA8DE /* Constants.swift */,
				D7361C2129DB2D3B006F78D2 /* Structs.swift */,
				D7129A2529FC2B11002A690B /* Extensions.swift */,
			);
			path = "Public-Transport-Tracking";
			sourceTree = "<group>";
		};
		D7ABA55A29DAA28600CDA8DE /* Preview Content */ = {
			isa = PBXGroup;
			children = (
				D7ABA55B29DAA28600CDA8DE /* Preview Assets.xcassets */,
			);
			path = "Preview Content";
			sourceTree = "<group>";
		};
		D7ABA56429DAA2CF00CDA8DE /* Interface */ = {
			isa = PBXGroup;
			children = (
				D72E343E29DDF121002974CE /* AddFavoriteLineView.swift */,
				D7ABA56229DAA2AB00CDA8DE /* SplashScreen.swift */,
				D7361C1529DAC50A006F78D2 /* SplitterView.swift */,
				D72B525629E3F4700048AF1C /* OrareView.swift */,
				D7361C1729DAC624006F78D2 /* FavoritesScreen.swift */,
				D7F8259829DDF53400A09A2B /* MapView.swift */,
				D705AAFA29DE7413008AC068 /* Marker.swift */,
				D762021829E068870061A73A /* StationView.swift */,
				D7FBAB6E29E1E84A00299635 /* BusDetailView.swift */,
				D784169929E49B9A009F4F2C /* ComunicateView.swift */,
				D73E579229E5D7160044A955 /* OrarIntermediarView.swift */,
				D7129A2729FC2E55002A690B /* MapToolbar.swift */,
				D78DE77F2A00288100983F24 /* SubscriptionPaywallView.swift */,
				D78DE7812A00327000983F24 /* UserViewModel.swift */,
				D77DA2742A02C535009E56BA /* DonationsView.swift */,
				D71684362A0EB5E4001E598E /* SpecialScheduleDetailView.swift */,
				D7A1F1772A1348A9004CF09C /* LaunchView.swift */,
			);
			path = Interface;
			sourceTree = "<group>";
		};
		D7B4A19829FFC300003AF5D4 /* BusifyPushNotifications */ = {
			isa = PBXGroup;
			children = (
				D7B4A1A329FFC477003AF5D4 /* BusifyPushNotifications.entitlements */,
				D7B4A19929FFC300003AF5D4 /* NotificationService.swift */,
				D7B4A19B29FFC300003AF5D4 /* Info.plist */,
			);
			path = BusifyPushNotifications;
			sourceTree = "<group>";
		};
		D7CB3C992A13655400166D6A /* Managers */ = {
			isa = PBXGroup;
			children = (
				D7361C0F29DAB3CF006F78D2 /* LoopingVideo.swift */,
				D7CDD5AD2A1297E2001D3ED8 /* TransitViewModel.swift */,
				D77B96E32A07F5CB005C565E /* MotionManager.swift */,
				D7361C2329DB2E6F006F78D2 /* DecodingManager.swift */,
				D7AE9A3329E1A452008CE1C0 /* BusCalculations.swift */,
				D7361C1929DADC35006F78D2 /* RequestManager.swift */,
				D7C8953529DC4D210090C97F /* LocationManager.swift */,
				D7CB3C9B2A13659B00166D6A /* NotificationManager.swift */,
			);
			path = Managers;
			sourceTree = "<group>";
		};
/* End PBXGroup section */

/* Begin PBXNativeTarget section */
		D779FFBE29E96C6700DF3AB8 /* BusifyClip */ = {
			isa = PBXNativeTarget;
			buildConfigurationList = D779FFD229E96C6800DF3AB8 /* Build configuration list for PBXNativeTarget "BusifyClip" */;
			buildPhases = (
				D779FFBB29E96C6700DF3AB8 /* Sources */,
				D779FFBC29E96C6700DF3AB8 /* Frameworks */,
				D779FFBD29E96C6700DF3AB8 /* Resources */,
			);
			buildRules = (
			);
			dependencies = (
			);
			name = BusifyClip;
			packageProductDependencies = (
				D779FFD929E975B500DF3AB8 /* Alamofire */,
				D779FFDB29E975B500DF3AB8 /* FeedKit */,
				D779FFDD29E975B500DF3AB8 /* SSToastMessage */,
				D77DA26E2A02C139009E56BA /* ReceiptParser */,
				D77DA2702A02C139009E56BA /* RevenueCat */,
			);
			productName = BusifyClip;
			productReference = D779FFBF29E96C6700DF3AB8 /* BusifyClip.app */;
			productType = "com.apple.product-type.application.on-demand-install-capable";
		};
		D7ABA55029DAA28500CDA8DE /* Public Transport Tracking */ = {
			isa = PBXNativeTarget;
			buildConfigurationList = D7ABA55F29DAA28600CDA8DE /* Build configuration list for PBXNativeTarget "Public Transport Tracking" */;
			buildPhases = (
				20A41D43E51F3B1DE555CD71 /* [CP] Check Pods Manifest.lock */,
				D7ABA54D29DAA28500CDA8DE /* Sources */,
				D7ABA54E29DAA28500CDA8DE /* Frameworks */,
				D7ABA54F29DAA28500CDA8DE /* Resources */,
				FD387E33196FF3694F9408EB /* [CP] Copy Pods Resources */,
				D779FFCF29E96C6800DF3AB8 /* Embed App Clips */,
				D7B4A1A229FFC300003AF5D4 /* Embed Foundation Extensions */,
			);
			buildRules = (
			);
			dependencies = (
				D779FFCD29E96C6800DF3AB8 /* PBXTargetDependency */,
				D7B4A19D29FFC300003AF5D4 /* PBXTargetDependency */,
			);
			name = "Public Transport Tracking";
			packageProductDependencies = (
				D778901B29DB56C200044D10 /* Alamofire */,
				D784169729E49A9C009F4F2C /* FeedKit */,
				D74065D829E81E0200E1E3AF /* SSToastMessage */,
				D7B4A18F29FFC2C7003AF5D4 /* OneSignal */,
				D7B4A19129FFC2C7003AF5D4 /* OneSignalExtension */,
				D78DE7752A00227E00983F24 /* ReceiptParser */,
				D78DE7772A00227E00983F24 /* RevenueCat */,
				D74922CC2A14B65400A6A56F /* Map */,
			);
			productName = "Public Transport Tracking";
			productReference = D7ABA55129DAA28500CDA8DE /* Public Transport Tracking.app */;
			productType = "com.apple.product-type.application";
		};
		D7B4A19629FFC300003AF5D4 /* BusifyPushNotifications */ = {
			isa = PBXNativeTarget;
			buildConfigurationList = D7B4A19F29FFC300003AF5D4 /* Build configuration list for PBXNativeTarget "BusifyPushNotifications" */;
			buildPhases = (
				D7B4A19329FFC300003AF5D4 /* Sources */,
				D7B4A19429FFC300003AF5D4 /* Frameworks */,
				D7B4A19529FFC300003AF5D4 /* Resources */,
			);
			buildRules = (
			);
			dependencies = (
			);
			name = BusifyPushNotifications;
			productName = BusifyPushNotifications;
			productReference = D7B4A19729FFC300003AF5D4 /* BusifyPushNotifications.appex */;
			productType = "com.apple.product-type.app-extension";
		};
/* End PBXNativeTarget section */

/* Begin PBXProject section */
		D7ABA54929DAA28400CDA8DE /* Project object */ = {
			isa = PBXProject;
			attributes = {
				BuildIndependentTargetsInParallel = 1;
				LastSwiftUpdateCheck = 1430;
				LastUpgradeCheck = 1410;
				TargetAttributes = {
					D779FFBE29E96C6700DF3AB8 = {
						CreatedOnToolsVersion = 14.1;
					};
					D7ABA55029DAA28500CDA8DE = {
						CreatedOnToolsVersion = 14.1;
					};
					D7B4A19629FFC300003AF5D4 = {
						CreatedOnToolsVersion = 14.3;
					};
				};
			};
			buildConfigurationList = D7ABA54C29DAA28400CDA8DE /* Build configuration list for PBXProject "Public-Transport-Tracking" */;
			compatibilityVersion = "Xcode 12.0";
			developmentRegion = en;
			hasScannedForEncodings = 0;
			knownRegions = (
				en,
				Base,
			);
			mainGroup = D7ABA54829DAA28400CDA8DE;
			packageReferences = (
				D778901A29DB56C200044D10 /* XCRemoteSwiftPackageReference "Alamofire" */,
				D784169629E49A9C009F4F2C /* XCRemoteSwiftPackageReference "FeedKit" */,
				D74065D729E81E0200E1E3AF /* XCRemoteSwiftPackageReference "SSToastMessage" */,
				D7B4A18E29FFC2C7003AF5D4 /* XCRemoteSwiftPackageReference "OneSignal-XCFramework" */,
				D78DE7742A00227E00983F24 /* XCRemoteSwiftPackageReference "purchases-ios" */,
				D74922CB2A14B65400A6A56F /* XCRemoteSwiftPackageReference "Map" */,
				D7D24F8A2A162B3300CAF2A5 /* XCRemoteSwiftPackageReference "EasyTipView" */,
			);
			productRefGroup = D7ABA55229DAA28500CDA8DE /* Products */;
			projectDirPath = "";
			projectRoot = "";
			targets = (
				D7ABA55029DAA28500CDA8DE /* Public Transport Tracking */,
				D779FFBE29E96C6700DF3AB8 /* BusifyClip */,
				D7B4A19629FFC300003AF5D4 /* BusifyPushNotifications */,
			);
		};
/* End PBXProject section */

/* Begin PBXResourcesBuildPhase section */
		D779FFBD29E96C6700DF3AB8 /* Resources */ = {
			isa = PBXResourcesBuildPhase;
			buildActionMask = 2147483647;
			files = (
				D779FFC929E96C6800DF3AB8 /* Preview Assets.xcassets in Resources */,
				D779FFE529E9788A00DF3AB8 /* Trips.txt in Resources */,
				D779FFE629E9788A00DF3AB8 /* StopTimes.txt in Resources */,
				D779FFE429E9788A00DF3AB8 /* Shapes.txt in Resources */,
				D779FFE229E9788A00DF3AB8 /* Assets.xcassets in Resources */,
				D779FFE329E9788A00DF3AB8 /* Stops.txt in Resources */,
				D779FFE129E9788A00DF3AB8 /* Routes.txt in Resources */,
			);
			runOnlyForDeploymentPostprocessing = 0;
		};
		D7ABA54F29DAA28500CDA8DE /* Resources */ = {
			isa = PBXResourcesBuildPhase;
			buildActionMask = 2147483647;
			files = (
				D7A966E329DF1C8A00005AB2 /* Routes.txt in Resources */,
				D72023F729E00E2F0021E66B /* Trips.txt in Resources */,
				D72E343D29DDE04B002974CE /* Stops.txt in Resources */,
				D72023F929E020800021E66B /* StopTimes.txt in Resources */,
				D72023F529E009D10021E66B /* Shapes.txt in Resources */,
				D7ABA55C29DAA28600CDA8DE /* Preview Assets.xcassets in Resources */,
				D7ABA55929DAA28600CDA8DE /* Assets.xcassets in Resources */,
			);
			runOnlyForDeploymentPostprocessing = 0;
		};
		D7B4A19529FFC300003AF5D4 /* Resources */ = {
			isa = PBXResourcesBuildPhase;
			buildActionMask = 2147483647;
			files = (
			);
			runOnlyForDeploymentPostprocessing = 0;
		};
/* End PBXResourcesBuildPhase section */

/* Begin PBXShellScriptBuildPhase section */
		20A41D43E51F3B1DE555CD71 /* [CP] Check Pods Manifest.lock */ = {
			isa = PBXShellScriptBuildPhase;
			buildActionMask = 2147483647;
			files = (
			);
			inputFileListPaths = (
			);
			inputPaths = (
				"${PODS_PODFILE_DIR_PATH}/Podfile.lock",
				"${PODS_ROOT}/Manifest.lock",
			);
			name = "[CP] Check Pods Manifest.lock";
			outputFileListPaths = (
			);
			outputPaths = (
				"$(DERIVED_FILE_DIR)/Pods-Public Transport Tracking-checkManifestLockResult.txt",
			);
			runOnlyForDeploymentPostprocessing = 0;
			shellPath = /bin/sh;
			shellScript = "diff \"${PODS_PODFILE_DIR_PATH}/Podfile.lock\" \"${PODS_ROOT}/Manifest.lock\" > /dev/null\nif [ $? != 0 ] ; then\n    # print error to STDERR\n    echo \"error: The sandbox is not in sync with the Podfile.lock. Run 'pod install' or update your CocoaPods installation.\" >&2\n    exit 1\nfi\n# This output is used by Xcode 'outputs' to avoid re-running this script phase.\necho \"SUCCESS\" > \"${SCRIPT_OUTPUT_FILE_0}\"\n";
			showEnvVarsInLog = 0;
		};
		FD387E33196FF3694F9408EB /* [CP] Copy Pods Resources */ = {
			isa = PBXShellScriptBuildPhase;
			buildActionMask = 2147483647;
			files = (
			);
			inputFileListPaths = (
				"${PODS_ROOT}/Target Support Files/Pods-Public Transport Tracking/Pods-Public Transport Tracking-resources-${CONFIGURATION}-input-files.xcfilelist",
			);
			name = "[CP] Copy Pods Resources";
			outputFileListPaths = (
				"${PODS_ROOT}/Target Support Files/Pods-Public Transport Tracking/Pods-Public Transport Tracking-resources-${CONFIGURATION}-output-files.xcfilelist",
			);
			runOnlyForDeploymentPostprocessing = 0;
			shellPath = /bin/sh;
			shellScript = "\"${PODS_ROOT}/Target Support Files/Pods-Public Transport Tracking/Pods-Public Transport Tracking-resources.sh\"\n";
			showEnvVarsInLog = 0;
		};
/* End PBXShellScriptBuildPhase section */

/* Begin PBXSourcesBuildPhase section */
		D779FFBB29E96C6700DF3AB8 /* Sources */ = {
			isa = PBXSourcesBuildPhase;
			buildActionMask = 2147483647;
			files = (
				D77DA2682A02C079009E56BA /* UserViewModel.swift in Sources */,
				D77B96E52A07F5CB005C565E /* MotionManager.swift in Sources */,
				D7CB3C9D2A13659B00166D6A /* NotificationManager.swift in Sources */,
				D7A1F1792A1348A9004CF09C /* LaunchView.swift in Sources */,
				D7CDD5AF2A1297E2001D3ED8 /* TransitViewModel.swift in Sources */,
				D779FFD429E9758700DF3AB8 /* BusCalculations.swift in Sources */,
				D7CB3C9A2A13657E00166D6A /* LoopingVideo.swift in Sources */,
				D779FFDF29E976BF00DF3AB8 /* StationView.swift in Sources */,
				D779FFD329E9758700DF3AB8 /* Structs.swift in Sources */,
				D779FFD529E9758700DF3AB8 /* LocationManager.swift in Sources */,
				D71684382A0EB5E4001E598E /* SpecialScheduleDetailView.swift in Sources */,
				D77DA2692A02C081009E56BA /* SubscriptionPaywallView.swift in Sources */,
				D779FFD629E9758700DF3AB8 /* RequestManager.swift in Sources */,
				D77DA26C2A02C104009E56BA /* Extensions.swift in Sources */,
				D779FFC429E96C6700DF3AB8 /* ContentView.swift in Sources */,
				D779FFD729E9758700DF3AB8 /* DecodingManager.swift in Sources */,
				D77DA26D2A02C118009E56BA /* BusDetailView.swift in Sources */,
				D779FFC229E96C6700DF3AB8 /* BusifyClipApp.swift in Sources */,
				D77DA2762A02C535009E56BA /* DonationsView.swift in Sources */,
				D779FFD829E9758700DF3AB8 /* Constants.swift in Sources */,
			);
			runOnlyForDeploymentPostprocessing = 0;
		};
		D7ABA54D29DAA28500CDA8DE /* Sources */ = {
			isa = PBXSourcesBuildPhase;
			buildActionMask = 2147483647;
			files = (
				D7A1F1782A1348A9004CF09C /* LaunchView.swift in Sources */,
				D7361C2229DB2D3B006F78D2 /* Structs.swift in Sources */,
				D7F8259929DDF53400A09A2B /* MapView.swift in Sources */,
				D7361C1029DAB3CF006F78D2 /* LoopingVideo.swift in Sources */,
				D762021929E068870061A73A /* StationView.swift in Sources */,
				D7C8953629DC4D210090C97F /* LocationManager.swift in Sources */,
				D7361C1829DAC624006F78D2 /* FavoritesScreen.swift in Sources */,
				D784169A29E49B9A009F4F2C /* ComunicateView.swift in Sources */,
				D7FBAB6F29E1E84A00299635 /* BusDetailView.swift in Sources */,
				D77DA2752A02C535009E56BA /* DonationsView.swift in Sources */,
				D78DE7802A00288100983F24 /* SubscriptionPaywallView.swift in Sources */,
				D7AE9A3429E1A452008CE1C0 /* BusCalculations.swift in Sources */,
				D77B96E42A07F5CB005C565E /* MotionManager.swift in Sources */,
				D78DE7822A00327000983F24 /* UserViewModel.swift in Sources */,
				D7361C2429DB2E6F006F78D2 /* DecodingManager.swift in Sources */,
				D7361C1A29DADC35006F78D2 /* RequestManager.swift in Sources */,
				D7129A2829FC2E55002A690B /* MapToolbar.swift in Sources */,
				D7ABA56329DAA2AB00CDA8DE /* SplashScreen.swift in Sources */,
				D7CDD5AE2A1297E2001D3ED8 /* TransitViewModel.swift in Sources */,
				D73E579329E5D7160044A955 /* OrarIntermediarView.swift in Sources */,
				D705AAFB29DE7413008AC068 /* Marker.swift in Sources */,
				D72B525729E3F4700048AF1C /* OrareView.swift in Sources */,
				D7129A2629FC2B11002A690B /* Extensions.swift in Sources */,
				D7ABA55529DAA28500CDA8DE /* Public_Transport_TrackingApp.swift in Sources */,
				D72E343F29DDF121002974CE /* AddFavoriteLineView.swift in Sources */,
				D7ABA56629DAA33600CDA8DE /* Constants.swift in Sources */,
				D71684372A0EB5E4001E598E /* SpecialScheduleDetailView.swift in Sources */,
				D7CB3C9C2A13659B00166D6A /* NotificationManager.swift in Sources */,
				D7361C1629DAC50A006F78D2 /* SplitterView.swift in Sources */,
			);
			runOnlyForDeploymentPostprocessing = 0;
		};
		D7B4A19329FFC300003AF5D4 /* Sources */ = {
			isa = PBXSourcesBuildPhase;
			buildActionMask = 2147483647;
			files = (
				D7B4A19A29FFC300003AF5D4 /* NotificationService.swift in Sources */,
			);
			runOnlyForDeploymentPostprocessing = 0;
		};
/* End PBXSourcesBuildPhase section */

/* Begin PBXTargetDependency section */
		D779FFCD29E96C6800DF3AB8 /* PBXTargetDependency */ = {
			isa = PBXTargetDependency;
			target = D779FFBE29E96C6700DF3AB8 /* BusifyClip */;
			targetProxy = D779FFCC29E96C6800DF3AB8 /* PBXContainerItemProxy */;
		};
		D7B4A19D29FFC300003AF5D4 /* PBXTargetDependency */ = {
			isa = PBXTargetDependency;
			target = D7B4A19629FFC300003AF5D4 /* BusifyPushNotifications */;
			targetProxy = D7B4A19C29FFC300003AF5D4 /* PBXContainerItemProxy */;
		};
/* End PBXTargetDependency section */

/* Begin XCBuildConfiguration section */
		D779FFD029E96C6800DF3AB8 /* Debug */ = {
			isa = XCBuildConfiguration;
			buildSettings = {
				ASSETCATALOG_COMPILER_APPICON_NAME = AppIcon;
				ASSETCATALOG_COMPILER_GLOBAL_ACCENT_COLOR_NAME = AccentColor;
				ASSETCATALOG_COMPILER_INCLUDE_ALL_APPICON_ASSETS = NO;
				CODE_SIGN_ENTITLEMENTS = BusifyClip/BusifyClip.entitlements;
				CODE_SIGN_IDENTITY = "Apple Development";
				CODE_SIGN_STYLE = Automatic;
				CURRENT_PROJECT_VERSION = 1;
				DEVELOPMENT_ASSET_PATHS = "\"BusifyClip/Preview Content\"";
				DEVELOPMENT_TEAM = MTH43FS33M;
				ENABLE_PREVIEWS = YES;
				GCC_NO_COMMON_BLOCKS = NO;
				GENERATE_INFOPLIST_FILE = YES;
				INFOPLIST_FILE = BusifyClip/Info.plist;
				INFOPLIST_KEY_CFBundleDisplayName = Busify;
				INFOPLIST_KEY_LSApplicationCategoryType = "public.app-category.travel";
				INFOPLIST_KEY_NSLocationUsageDescription = "Location for ETA";
				INFOPLIST_KEY_NSLocationWhenInUseUsageDescription = "Location for ETA";
				INFOPLIST_KEY_UIApplicationSceneManifest_Generation = YES;
				INFOPLIST_KEY_UIApplicationSupportsIndirectInputEvents = YES;
				INFOPLIST_KEY_UILaunchScreen_Generation = YES;
				INFOPLIST_KEY_UISupportedInterfaceOrientations = UIInterfaceOrientationPortrait;
				INFOPLIST_KEY_UISupportedInterfaceOrientations_iPad = "UIInterfaceOrientationLandscapeLeft UIInterfaceOrientationLandscapeRight UIInterfaceOrientationPortrait UIInterfaceOrientationPortraitUpsideDown";
				IPHONEOS_DEPLOYMENT_TARGET = 16.0;
				LD_RUNPATH_SEARCH_PATHS = (
					"$(inherited)",
					"@executable_path/Frameworks",
				);
				MARKETING_VERSION = 1.2.2;
				PRODUCT_BUNDLE_IDENTIFIER = com.Mihnea.busify.BusifyClip;
				PRODUCT_NAME = "$(TARGET_NAME)";
				PROVISIONING_PROFILE_SPECIFIER = "";
				SUPPORTED_PLATFORMS = "iphoneos iphonesimulator";
				SUPPORTS_MACCATALYST = NO;
				SUPPORTS_MAC_DESIGNED_FOR_IPHONE_IPAD = NO;
				SWIFT_ACTIVE_COMPILATION_CONDITIONS = "DEBUG APPCLIP";
				SWIFT_EMIT_LOC_STRINGS = YES;
				SWIFT_VERSION = 5.0;
				TARGETED_DEVICE_FAMILY = 1;
			};
			name = Debug;
		};
		D779FFD129E96C6800DF3AB8 /* Release */ = {
			isa = XCBuildConfiguration;
			buildSettings = {
				ASSETCATALOG_COMPILER_APPICON_NAME = AppIcon;
				ASSETCATALOG_COMPILER_GLOBAL_ACCENT_COLOR_NAME = AccentColor;
				ASSETCATALOG_COMPILER_INCLUDE_ALL_APPICON_ASSETS = NO;
				CODE_SIGN_ENTITLEMENTS = BusifyClip/BusifyClip.entitlements;
				CODE_SIGN_IDENTITY = "Apple Development";
				CODE_SIGN_STYLE = Automatic;
				CURRENT_PROJECT_VERSION = 1;
				DEVELOPMENT_ASSET_PATHS = "\"BusifyClip/Preview Content\"";
				DEVELOPMENT_TEAM = MTH43FS33M;
				ENABLE_PREVIEWS = YES;
				GCC_NO_COMMON_BLOCKS = NO;
				GENERATE_INFOPLIST_FILE = YES;
				INFOPLIST_FILE = BusifyClip/Info.plist;
				INFOPLIST_KEY_CFBundleDisplayName = Busify;
				INFOPLIST_KEY_LSApplicationCategoryType = "public.app-category.travel";
				INFOPLIST_KEY_NSLocationUsageDescription = "Location for ETA";
				INFOPLIST_KEY_NSLocationWhenInUseUsageDescription = "Location for ETA";
				INFOPLIST_KEY_UIApplicationSceneManifest_Generation = YES;
				INFOPLIST_KEY_UIApplicationSupportsIndirectInputEvents = YES;
				INFOPLIST_KEY_UILaunchScreen_Generation = YES;
				INFOPLIST_KEY_UISupportedInterfaceOrientations = UIInterfaceOrientationPortrait;
				INFOPLIST_KEY_UISupportedInterfaceOrientations_iPad = "UIInterfaceOrientationLandscapeLeft UIInterfaceOrientationLandscapeRight UIInterfaceOrientationPortrait UIInterfaceOrientationPortraitUpsideDown";
				IPHONEOS_DEPLOYMENT_TARGET = 16.0;
				LD_RUNPATH_SEARCH_PATHS = (
					"$(inherited)",
					"@executable_path/Frameworks",
				);
				MARKETING_VERSION = 1.2.2;
				PRODUCT_BUNDLE_IDENTIFIER = com.Mihnea.busify.BusifyClip;
				PRODUCT_NAME = "$(TARGET_NAME)";
				PROVISIONING_PROFILE_SPECIFIER = "";
				SUPPORTED_PLATFORMS = "iphoneos iphonesimulator";
				SUPPORTS_MACCATALYST = NO;
				SUPPORTS_MAC_DESIGNED_FOR_IPHONE_IPAD = NO;
				SWIFT_ACTIVE_COMPILATION_CONDITIONS = APPCLIP;
				SWIFT_EMIT_LOC_STRINGS = YES;
				SWIFT_VERSION = 5.0;
				TARGETED_DEVICE_FAMILY = 1;
			};
			name = Release;
		};
		D7ABA55D29DAA28600CDA8DE /* Debug */ = {
			isa = XCBuildConfiguration;
			buildSettings = {
				ALWAYS_SEARCH_USER_PATHS = NO;
				CLANG_ANALYZER_NONNULL = YES;
				CLANG_ANALYZER_NUMBER_OBJECT_CONVERSION = YES_AGGRESSIVE;
				CLANG_CXX_LANGUAGE_STANDARD = "gnu++20";
				CLANG_ENABLE_MODULES = YES;
				CLANG_ENABLE_OBJC_ARC = YES;
				CLANG_ENABLE_OBJC_WEAK = YES;
				CLANG_WARN_BLOCK_CAPTURE_AUTORELEASING = YES;
				CLANG_WARN_BOOL_CONVERSION = YES;
				CLANG_WARN_COMMA = YES;
				CLANG_WARN_CONSTANT_CONVERSION = YES;
				CLANG_WARN_DEPRECATED_OBJC_IMPLEMENTATIONS = YES;
				CLANG_WARN_DIRECT_OBJC_ISA_USAGE = YES_ERROR;
				CLANG_WARN_DOCUMENTATION_COMMENTS = YES;
				CLANG_WARN_EMPTY_BODY = YES;
				CLANG_WARN_ENUM_CONVERSION = YES;
				CLANG_WARN_INFINITE_RECURSION = YES;
				CLANG_WARN_INT_CONVERSION = YES;
				CLANG_WARN_NON_LITERAL_NULL_CONVERSION = YES;
				CLANG_WARN_OBJC_IMPLICIT_RETAIN_SELF = YES;
				CLANG_WARN_OBJC_LITERAL_CONVERSION = YES;
				CLANG_WARN_OBJC_ROOT_CLASS = YES_ERROR;
				CLANG_WARN_QUOTED_INCLUDE_IN_FRAMEWORK_HEADER = YES;
				CLANG_WARN_RANGE_LOOP_ANALYSIS = YES;
				CLANG_WARN_STRICT_PROTOTYPES = YES;
				CLANG_WARN_SUSPICIOUS_MOVE = YES;
				CLANG_WARN_UNGUARDED_AVAILABILITY = YES_AGGRESSIVE;
				CLANG_WARN_UNREACHABLE_CODE = YES;
				CLANG_WARN__DUPLICATE_METHOD_MATCH = YES;
				COPY_PHASE_STRIP = NO;
				DEBUG_INFORMATION_FORMAT = dwarf;
				ENABLE_STRICT_OBJC_MSGSEND = YES;
				ENABLE_TESTABILITY = YES;
				GCC_C_LANGUAGE_STANDARD = gnu11;
				GCC_DYNAMIC_NO_PIC = NO;
				GCC_NO_COMMON_BLOCKS = YES;
				GCC_OPTIMIZATION_LEVEL = 0;
				GCC_PREPROCESSOR_DEFINITIONS = (
					"DEBUG=1",
					"$(inherited)",
				);
				GCC_WARN_64_TO_32_BIT_CONVERSION = YES;
				GCC_WARN_ABOUT_RETURN_TYPE = YES_ERROR;
				GCC_WARN_UNDECLARED_SELECTOR = YES;
				GCC_WARN_UNINITIALIZED_AUTOS = YES_AGGRESSIVE;
				GCC_WARN_UNUSED_FUNCTION = YES;
				GCC_WARN_UNUSED_VARIABLE = YES;
				IPHONEOS_DEPLOYMENT_TARGET = 16.1;
				MTL_ENABLE_DEBUG_INFO = INCLUDE_SOURCE;
				MTL_FAST_MATH = YES;
				ONLY_ACTIVE_ARCH = YES;
				SDKROOT = iphoneos;
				SWIFT_ACTIVE_COMPILATION_CONDITIONS = DEBUG;
				SWIFT_OPTIMIZATION_LEVEL = "-Onone";
			};
			name = Debug;
		};
		D7ABA55E29DAA28600CDA8DE /* Release */ = {
			isa = XCBuildConfiguration;
			buildSettings = {
				ALWAYS_SEARCH_USER_PATHS = NO;
				CLANG_ANALYZER_NONNULL = YES;
				CLANG_ANALYZER_NUMBER_OBJECT_CONVERSION = YES_AGGRESSIVE;
				CLANG_CXX_LANGUAGE_STANDARD = "gnu++20";
				CLANG_ENABLE_MODULES = YES;
				CLANG_ENABLE_OBJC_ARC = YES;
				CLANG_ENABLE_OBJC_WEAK = YES;
				CLANG_WARN_BLOCK_CAPTURE_AUTORELEASING = YES;
				CLANG_WARN_BOOL_CONVERSION = YES;
				CLANG_WARN_COMMA = YES;
				CLANG_WARN_CONSTANT_CONVERSION = YES;
				CLANG_WARN_DEPRECATED_OBJC_IMPLEMENTATIONS = YES;
				CLANG_WARN_DIRECT_OBJC_ISA_USAGE = YES_ERROR;
				CLANG_WARN_DOCUMENTATION_COMMENTS = YES;
				CLANG_WARN_EMPTY_BODY = YES;
				CLANG_WARN_ENUM_CONVERSION = YES;
				CLANG_WARN_INFINITE_RECURSION = YES;
				CLANG_WARN_INT_CONVERSION = YES;
				CLANG_WARN_NON_LITERAL_NULL_CONVERSION = YES;
				CLANG_WARN_OBJC_IMPLICIT_RETAIN_SELF = YES;
				CLANG_WARN_OBJC_LITERAL_CONVERSION = YES;
				CLANG_WARN_OBJC_ROOT_CLASS = YES_ERROR;
				CLANG_WARN_QUOTED_INCLUDE_IN_FRAMEWORK_HEADER = YES;
				CLANG_WARN_RANGE_LOOP_ANALYSIS = YES;
				CLANG_WARN_STRICT_PROTOTYPES = YES;
				CLANG_WARN_SUSPICIOUS_MOVE = YES;
				CLANG_WARN_UNGUARDED_AVAILABILITY = YES_AGGRESSIVE;
				CLANG_WARN_UNREACHABLE_CODE = YES;
				CLANG_WARN__DUPLICATE_METHOD_MATCH = YES;
				COPY_PHASE_STRIP = NO;
				DEBUG_INFORMATION_FORMAT = "dwarf-with-dsym";
				ENABLE_NS_ASSERTIONS = NO;
				ENABLE_STRICT_OBJC_MSGSEND = YES;
				GCC_C_LANGUAGE_STANDARD = gnu11;
				GCC_NO_COMMON_BLOCKS = YES;
				GCC_WARN_64_TO_32_BIT_CONVERSION = YES;
				GCC_WARN_ABOUT_RETURN_TYPE = YES_ERROR;
				GCC_WARN_UNDECLARED_SELECTOR = YES;
				GCC_WARN_UNINITIALIZED_AUTOS = YES_AGGRESSIVE;
				GCC_WARN_UNUSED_FUNCTION = YES;
				GCC_WARN_UNUSED_VARIABLE = YES;
				IPHONEOS_DEPLOYMENT_TARGET = 16.1;
				MTL_ENABLE_DEBUG_INFO = NO;
				MTL_FAST_MATH = YES;
				SDKROOT = iphoneos;
				SWIFT_COMPILATION_MODE = wholemodule;
				SWIFT_OPTIMIZATION_LEVEL = "-O";
				VALIDATE_PRODUCT = YES;
			};
			name = Release;
		};
		D7ABA56029DAA28600CDA8DE /* Debug */ = {
			isa = XCBuildConfiguration;
			baseConfigurationReference = 6F0DD024AAEB9A43FD3327D3 /* Pods-Public Transport Tracking.debug.xcconfig */;
			buildSettings = {
				ALWAYS_EMBED_SWIFT_STANDARD_LIBRARIES = YES;
				ASSETCATALOG_COMPILER_APPICON_NAME = AppIcon;
				ASSETCATALOG_COMPILER_GLOBAL_ACCENT_COLOR_NAME = AccentColor;
				CODE_SIGN_ENTITLEMENTS = "Public Transport Tracking.entitlements";
				CODE_SIGN_STYLE = Automatic;
				CURRENT_PROJECT_VERSION = 1;
				DEVELOPMENT_ASSET_PATHS = "\"Public-Transport-Tracking/Preview Content\"";
				DEVELOPMENT_TEAM = MTH43FS33M;
				ENABLE_PREVIEWS = YES;
				GCC_NO_COMMON_BLOCKS = NO;
				GENERATE_INFOPLIST_FILE = YES;
				INFOPLIST_FILE = "Public-Transport-Tracking/Info.plist";
				INFOPLIST_KEY_CFBundleDisplayName = Busify;
				INFOPLIST_KEY_LSApplicationCategoryType = "public.app-category.travel";
				INFOPLIST_KEY_NSLocationUsageDescription = ETA;
				INFOPLIST_KEY_NSLocationWhenInUseUsageDescription = "Location is used for calculating the ETA, centering the map view and for marketing purposes (cannot be used to directly identify you).";
				INFOPLIST_KEY_UIApplicationSceneManifest_Generation = YES;
				INFOPLIST_KEY_UIApplicationSupportsIndirectInputEvents = YES;
				INFOPLIST_KEY_UILaunchScreen_Generation = YES;
				INFOPLIST_KEY_UISupportedInterfaceOrientations = UIInterfaceOrientationPortrait;
				INFOPLIST_KEY_UISupportedInterfaceOrientations_iPad = "UIInterfaceOrientationLandscapeLeft UIInterfaceOrientationLandscapeRight UIInterfaceOrientationPortrait UIInterfaceOrientationPortraitUpsideDown";
				IPHONEOS_DEPLOYMENT_TARGET = 16.0;
				LD_RUNPATH_SEARCH_PATHS = (
					"$(inherited)",
					"@executable_path/Frameworks",
				);
				MARKETING_VERSION = 1.2.2;
				PRODUCT_BUNDLE_IDENTIFIER = com.Mihnea.busify;
				PRODUCT_NAME = "$(TARGET_NAME)";
				SUPPORTED_PLATFORMS = "iphoneos iphonesimulator";
				SUPPORTS_MACCATALYST = NO;
				SUPPORTS_MAC_DESIGNED_FOR_IPHONE_IPAD = NO;
				SWIFT_EMIT_LOC_STRINGS = YES;
				SWIFT_VERSION = 5.0;
				TARGETED_DEVICE_FAMILY = 1;
			};
			name = Debug;
		};
		D7ABA56129DAA28600CDA8DE /* Release */ = {
			isa = XCBuildConfiguration;
			baseConfigurationReference = 7EAF1E4B3DCAA2FAA1F6B47B /* Pods-Public Transport Tracking.release.xcconfig */;
			buildSettings = {
				ALWAYS_EMBED_SWIFT_STANDARD_LIBRARIES = YES;
				ASSETCATALOG_COMPILER_APPICON_NAME = AppIcon;
				ASSETCATALOG_COMPILER_GLOBAL_ACCENT_COLOR_NAME = AccentColor;
				CODE_SIGN_ENTITLEMENTS = "Public Transport Tracking.entitlements";
				CODE_SIGN_STYLE = Automatic;
				CURRENT_PROJECT_VERSION = 1;
				DEVELOPMENT_ASSET_PATHS = "\"Public-Transport-Tracking/Preview Content\"";
				DEVELOPMENT_TEAM = MTH43FS33M;
				ENABLE_PREVIEWS = YES;
				GCC_NO_COMMON_BLOCKS = NO;
				GENERATE_INFOPLIST_FILE = YES;
				INFOPLIST_FILE = "Public-Transport-Tracking/Info.plist";
				INFOPLIST_KEY_CFBundleDisplayName = Busify;
				INFOPLIST_KEY_LSApplicationCategoryType = "public.app-category.travel";
				INFOPLIST_KEY_NSLocationUsageDescription = ETA;
				INFOPLIST_KEY_NSLocationWhenInUseUsageDescription = "Location is used for calculating the ETA, centering the map view and for marketing purposes (cannot be used to directly identify you).";
				INFOPLIST_KEY_UIApplicationSceneManifest_Generation = YES;
				INFOPLIST_KEY_UIApplicationSupportsIndirectInputEvents = YES;
				INFOPLIST_KEY_UILaunchScreen_Generation = YES;
				INFOPLIST_KEY_UISupportedInterfaceOrientations = UIInterfaceOrientationPortrait;
				INFOPLIST_KEY_UISupportedInterfaceOrientations_iPad = "UIInterfaceOrientationLandscapeLeft UIInterfaceOrientationLandscapeRight UIInterfaceOrientationPortrait UIInterfaceOrientationPortraitUpsideDown";
				IPHONEOS_DEPLOYMENT_TARGET = 16.0;
				LD_RUNPATH_SEARCH_PATHS = (
					"$(inherited)",
					"@executable_path/Frameworks",
				);
				MARKETING_VERSION = 1.2.2;
				PRODUCT_BUNDLE_IDENTIFIER = com.Mihnea.busify;
				PRODUCT_NAME = "$(TARGET_NAME)";
				SUPPORTED_PLATFORMS = "iphoneos iphonesimulator";
				SUPPORTS_MACCATALYST = NO;
				SUPPORTS_MAC_DESIGNED_FOR_IPHONE_IPAD = NO;
				SWIFT_EMIT_LOC_STRINGS = YES;
				SWIFT_VERSION = 5.0;
				TARGETED_DEVICE_FAMILY = 1;
			};
			name = Release;
		};
		D7B4A1A029FFC300003AF5D4 /* Debug */ = {
			isa = XCBuildConfiguration;
			buildSettings = {
				CODE_SIGN_ENTITLEMENTS = BusifyPushNotifications/BusifyPushNotifications.entitlements;
				CODE_SIGN_STYLE = Automatic;
				CURRENT_PROJECT_VERSION = 1;
				DEVELOPMENT_TEAM = MTH43FS33M;
				GCC_NO_COMMON_BLOCKS = NO;
				GENERATE_INFOPLIST_FILE = YES;
				INFOPLIST_FILE = BusifyPushNotifications/Info.plist;
				INFOPLIST_KEY_CFBundleDisplayName = BusifyPushNotifications;
				INFOPLIST_KEY_NSHumanReadableCopyright = "";
				IPHONEOS_DEPLOYMENT_TARGET = 16.4;
				LD_RUNPATH_SEARCH_PATHS = (
					"$(inherited)",
					"@executable_path/Frameworks",
					"@executable_path/../../Frameworks",
				);
				MARKETING_VERSION = 1.2.2;
				PRODUCT_BUNDLE_IDENTIFIER = com.Mihnea.busify.BusifyPushNotifications;
				PRODUCT_NAME = "$(TARGET_NAME)";
				SKIP_INSTALL = YES;
				SWIFT_EMIT_LOC_STRINGS = YES;
				SWIFT_VERSION = 5.0;
				TARGETED_DEVICE_FAMILY = 1;
			};
			name = Debug;
		};
		D7B4A1A129FFC300003AF5D4 /* Release */ = {
			isa = XCBuildConfiguration;
			buildSettings = {
				CODE_SIGN_ENTITLEMENTS = BusifyPushNotifications/BusifyPushNotifications.entitlements;
				CODE_SIGN_STYLE = Automatic;
				CURRENT_PROJECT_VERSION = 1;
				DEVELOPMENT_TEAM = MTH43FS33M;
				GCC_NO_COMMON_BLOCKS = NO;
				GENERATE_INFOPLIST_FILE = YES;
				INFOPLIST_FILE = BusifyPushNotifications/Info.plist;
				INFOPLIST_KEY_CFBundleDisplayName = BusifyPushNotifications;
				INFOPLIST_KEY_NSHumanReadableCopyright = "";
				IPHONEOS_DEPLOYMENT_TARGET = 16.4;
				LD_RUNPATH_SEARCH_PATHS = (
					"$(inherited)",
					"@executable_path/Frameworks",
					"@executable_path/../../Frameworks",
				);
				MARKETING_VERSION = 1.2.2;
				PRODUCT_BUNDLE_IDENTIFIER = com.Mihnea.busify.BusifyPushNotifications;
				PRODUCT_NAME = "$(TARGET_NAME)";
				SKIP_INSTALL = YES;
				SWIFT_EMIT_LOC_STRINGS = YES;
				SWIFT_VERSION = 5.0;
				TARGETED_DEVICE_FAMILY = 1;
			};
			name = Release;
		};
/* End XCBuildConfiguration section */

/* Begin XCConfigurationList section */
		D779FFD229E96C6800DF3AB8 /* Build configuration list for PBXNativeTarget "BusifyClip" */ = {
			isa = XCConfigurationList;
			buildConfigurations = (
				D779FFD029E96C6800DF3AB8 /* Debug */,
				D779FFD129E96C6800DF3AB8 /* Release */,
			);
			defaultConfigurationIsVisible = 0;
			defaultConfigurationName = Release;
		};
		D7ABA54C29DAA28400CDA8DE /* Build configuration list for PBXProject "Public-Transport-Tracking" */ = {
			isa = XCConfigurationList;
			buildConfigurations = (
				D7ABA55D29DAA28600CDA8DE /* Debug */,
				D7ABA55E29DAA28600CDA8DE /* Release */,
			);
			defaultConfigurationIsVisible = 0;
			defaultConfigurationName = Release;
		};
		D7ABA55F29DAA28600CDA8DE /* Build configuration list for PBXNativeTarget "Public Transport Tracking" */ = {
			isa = XCConfigurationList;
			buildConfigurations = (
				D7ABA56029DAA28600CDA8DE /* Debug */,
				D7ABA56129DAA28600CDA8DE /* Release */,
			);
			defaultConfigurationIsVisible = 0;
			defaultConfigurationName = Release;
		};
		D7B4A19F29FFC300003AF5D4 /* Build configuration list for PBXNativeTarget "BusifyPushNotifications" */ = {
			isa = XCConfigurationList;
			buildConfigurations = (
				D7B4A1A029FFC300003AF5D4 /* Debug */,
				D7B4A1A129FFC300003AF5D4 /* Release */,
			);
			defaultConfigurationIsVisible = 0;
			defaultConfigurationName = Release;
		};
/* End XCConfigurationList section */

/* Begin XCRemoteSwiftPackageReference section */
		D74065D729E81E0200E1E3AF /* XCRemoteSwiftPackageReference "SSToastMessage" */ = {
			isa = XCRemoteSwiftPackageReference;
			repositoryURL = "https://github.com/SimformSolutionsPvtLtd/SSToastMessage";
			requirement = {
				kind = upToNextMajorVersion;
				minimumVersion = 1.0.0;
			};
		};
		D74922CB2A14B65400A6A56F /* XCRemoteSwiftPackageReference "Map" */ = {
			isa = XCRemoteSwiftPackageReference;
			repositoryURL = "https://github.com/pauljohanneskraft/Map.git";
			requirement = {
				kind = upToNextMajorVersion;
				minimumVersion = 0.2.0;
			};
		};
		D778901A29DB56C200044D10 /* XCRemoteSwiftPackageReference "Alamofire" */ = {
			isa = XCRemoteSwiftPackageReference;
			repositoryURL = "https://github.com/Alamofire/Alamofire.git";
			requirement = {
				branch = master;
				kind = branch;
			};
		};
		D784169629E49A9C009F4F2C /* XCRemoteSwiftPackageReference "FeedKit" */ = {
			isa = XCRemoteSwiftPackageReference;
			repositoryURL = "https://github.com/nmdias/FeedKit.git";
			requirement = {
				kind = upToNextMajorVersion;
				minimumVersion = 9.0.0;
			};
		};
		D78DE7742A00227E00983F24 /* XCRemoteSwiftPackageReference "purchases-ios" */ = {
			isa = XCRemoteSwiftPackageReference;
			repositoryURL = "https://github.com/RevenueCat/purchases-ios.git";
			requirement = {
				kind = upToNextMajorVersion;
				minimumVersion = 4.0.0;
			};
		};
		D7B4A18E29FFC2C7003AF5D4 /* XCRemoteSwiftPackageReference "OneSignal-XCFramework" */ = {
			isa = XCRemoteSwiftPackageReference;
			repositoryURL = "https://github.com/OneSignal/OneSignal-XCFramework";
			requirement = {
				kind = upToNextMajorVersion;
				minimumVersion = 3.0.0;
			};
		};
		D7D24F8A2A162B3300CAF2A5 /* XCRemoteSwiftPackageReference "EasyTipView" */ = {
			isa = XCRemoteSwiftPackageReference;
			repositoryURL = "https://github.com/teodorpatras/EasyTipView.git";
			requirement = {
				kind = upToNextMajorVersion;
				minimumVersion = 2.0.0;
			};
		};
/* End XCRemoteSwiftPackageReference section */

/* Begin XCSwiftPackageProductDependency section */
		D74065D829E81E0200E1E3AF /* SSToastMessage */ = {
			isa = XCSwiftPackageProductDependency;
			package = D74065D729E81E0200E1E3AF /* XCRemoteSwiftPackageReference "SSToastMessage" */;
			productName = SSToastMessage;
		};
		D74922CC2A14B65400A6A56F /* Map */ = {
			isa = XCSwiftPackageProductDependency;
			package = D74922CB2A14B65400A6A56F /* XCRemoteSwiftPackageReference "Map" */;
			productName = Map;
		};
		D778901B29DB56C200044D10 /* Alamofire */ = {
			isa = XCSwiftPackageProductDependency;
			package = D778901A29DB56C200044D10 /* XCRemoteSwiftPackageReference "Alamofire" */;
			productName = Alamofire;
		};
		D779FFD929E975B500DF3AB8 /* Alamofire */ = {
			isa = XCSwiftPackageProductDependency;
			package = D778901A29DB56C200044D10 /* XCRemoteSwiftPackageReference "Alamofire" */;
			productName = Alamofire;
		};
		D779FFDB29E975B500DF3AB8 /* FeedKit */ = {
			isa = XCSwiftPackageProductDependency;
			package = D784169629E49A9C009F4F2C /* XCRemoteSwiftPackageReference "FeedKit" */;
			productName = FeedKit;
		};
		D779FFDD29E975B500DF3AB8 /* SSToastMessage */ = {
			isa = XCSwiftPackageProductDependency;
			package = D74065D729E81E0200E1E3AF /* XCRemoteSwiftPackageReference "SSToastMessage" */;
			productName = SSToastMessage;
		};
		D77DA26E2A02C139009E56BA /* ReceiptParser */ = {
			isa = XCSwiftPackageProductDependency;
			package = D78DE7742A00227E00983F24 /* XCRemoteSwiftPackageReference "purchases-ios" */;
			productName = ReceiptParser;
		};
		D77DA2702A02C139009E56BA /* RevenueCat */ = {
			isa = XCSwiftPackageProductDependency;
			package = D78DE7742A00227E00983F24 /* XCRemoteSwiftPackageReference "purchases-ios" */;
			productName = RevenueCat;
		};
		D784169729E49A9C009F4F2C /* FeedKit */ = {
			isa = XCSwiftPackageProductDependency;
			package = D784169629E49A9C009F4F2C /* XCRemoteSwiftPackageReference "FeedKit" */;
			productName = FeedKit;
		};
		D78DE7752A00227E00983F24 /* ReceiptParser */ = {
			isa = XCSwiftPackageProductDependency;
			package = D78DE7742A00227E00983F24 /* XCRemoteSwiftPackageReference "purchases-ios" */;
			productName = ReceiptParser;
		};
		D78DE7772A00227E00983F24 /* RevenueCat */ = {
			isa = XCSwiftPackageProductDependency;
			package = D78DE7742A00227E00983F24 /* XCRemoteSwiftPackageReference "purchases-ios" */;
			productName = RevenueCat;
		};
		D7B4A18F29FFC2C7003AF5D4 /* OneSignal */ = {
			isa = XCSwiftPackageProductDependency;
			package = D7B4A18E29FFC2C7003AF5D4 /* XCRemoteSwiftPackageReference "OneSignal-XCFramework" */;
			productName = OneSignal;
		};
		D7B4A19129FFC2C7003AF5D4 /* OneSignalExtension */ = {
			isa = XCSwiftPackageProductDependency;
			package = D7B4A18E29FFC2C7003AF5D4 /* XCRemoteSwiftPackageReference "OneSignal-XCFramework" */;
			productName = OneSignalExtension;
		};
/* End XCSwiftPackageProductDependency section */
	};
	rootObject = D7ABA54929DAA28400CDA8DE /* Project object */;
}
